// !$*UTF8*$!
{
	archiveVersion = 1;
	classes = {
	};
	objectVersion = 55;
	objects = {

/* Begin PBXBuildFile section */
		3C1714C62760C6C100B13878 /* TextListRoot.swift in Sources */ = {isa = PBXBuildFile; fileRef = 3C1714C52760C6C100B13878 /* TextListRoot.swift */; };
		3C1714C82760C71800B13878 /* EnumZipTest.swift in Sources */ = {isa = PBXBuildFile; fileRef = 3C1714C72760C71800B13878 /* EnumZipTest.swift */; };
		3C1714CD2762496D00B13878 /* MarkdownInfoModel.swift in Sources */ = {isa = PBXBuildFile; fileRef = 3C1714CC2762496D00B13878 /* MarkdownInfoModel.swift */; };
		3C1714CF276249B000B13878 /* MarkdownInfoRow.swift in Sources */ = {isa = PBXBuildFile; fileRef = 3C1714CE276249B000B13878 /* MarkdownInfoRow.swift */; };
		3C1714D227624C8300B13878 /* TextListChild.swift in Sources */ = {isa = PBXBuildFile; fileRef = 3C1714D127624C8300B13878 /* TextListChild.swift */; };
		3C1714D527624FA700B13878 /* EnumZipModels.swift in Sources */ = {isa = PBXBuildFile; fileRef = 3C1714D427624FA700B13878 /* EnumZipModels.swift */; };
		3C1714DD2762577B00B13878 /* CategoryRow.swift in Sources */ = {isa = PBXBuildFile; fileRef = 3C1714DC2762577B00B13878 /* CategoryRow.swift */; };
		3C99001B2763888E00FC68FC /* KahootQuestionTest.swift in Sources */ = {isa = PBXBuildFile; fileRef = 3C99001A2763888E00FC68FC /* KahootQuestionTest.swift */; };
		3CCA4D052754FEB100C29A74 /* AFExtendedApp.swift in Sources */ = {isa = PBXBuildFile; fileRef = 3CCA4D042754FEB100C29A74 /* AFExtendedApp.swift */; };
		3CCA4D072754FEB100C29A74 /* ContentView.swift in Sources */ = {isa = PBXBuildFile; fileRef = 3CCA4D062754FEB100C29A74 /* ContentView.swift */; };
		3CCA4D092754FEB200C29A74 /* Assets.xcassets in Resources */ = {isa = PBXBuildFile; fileRef = 3CCA4D082754FEB200C29A74 /* Assets.xcassets */; };
		3CCA4D0C2754FEB200C29A74 /* Preview Assets.xcassets in Resources */ = {isa = PBXBuildFile; fileRef = 3CCA4D0B2754FEB200C29A74 /* Preview Assets.xcassets */; };
/* End PBXBuildFile section */

/* Begin PBXFileReference section */
		3C1714C52760C6C100B13878 /* TextListRoot.swift */ = {isa = PBXFileReference; fileEncoding = 4; lastKnownFileType = sourcecode.swift; path = TextListRoot.swift; sourceTree = "<group>"; };
		3C1714C72760C71800B13878 /* EnumZipTest.swift */ = {isa = PBXFileReference; lastKnownFileType = sourcecode.swift; path = EnumZipTest.swift; sourceTree = "<group>"; };
		3C1714CC2762496D00B13878 /* MarkdownInfoModel.swift */ = {isa = PBXFileReference; lastKnownFileType = sourcecode.swift; path = MarkdownInfoModel.swift; sourceTree = "<group>"; };
		3C1714CE276249B000B13878 /* MarkdownInfoRow.swift */ = {isa = PBXFileReference; lastKnownFileType = sourcecode.swift; path = MarkdownInfoRow.swift; sourceTree = "<group>"; };
		3C1714D127624C8300B13878 /* TextListChild.swift */ = {isa = PBXFileReference; lastKnownFileType = sourcecode.swift; path = TextListChild.swift; sourceTree = "<group>"; };
		3C1714D427624FA700B13878 /* EnumZipModels.swift */ = {isa = PBXFileReference; lastKnownFileType = sourcecode.swift; path = EnumZipModels.swift; sourceTree = "<group>"; };
		3C1714DC2762577B00B13878 /* CategoryRow.swift */ = {isa = PBXFileReference; lastKnownFileType = sourcecode.swift; path = CategoryRow.swift; sourceTree = "<group>"; };
		3C99001A2763888E00FC68FC /* KahootQuestionTest.swift */ = {isa = PBXFileReference; lastKnownFileType = sourcecode.swift; path = KahootQuestionTest.swift; sourceTree = "<group>"; };
		3CCA4D012754FEB100C29A74 /* AFExtended.app */ = {isa = PBXFileReference; explicitFileType = wrapper.application; includeInIndex = 0; path = AFExtended.app; sourceTree = BUILT_PRODUCTS_DIR; };
		3CCA4D042754FEB100C29A74 /* AFExtendedApp.swift */ = {isa = PBXFileReference; lastKnownFileType = sourcecode.swift; path = AFExtendedApp.swift; sourceTree = "<group>"; };
		3CCA4D062754FEB100C29A74 /* ContentView.swift */ = {isa = PBXFileReference; lastKnownFileType = sourcecode.swift; path = ContentView.swift; sourceTree = "<group>"; };
		3CCA4D082754FEB200C29A74 /* Assets.xcassets */ = {isa = PBXFileReference; lastKnownFileType = folder.assetcatalog; path = Assets.xcassets; sourceTree = "<group>"; };
		3CCA4D0B2754FEB200C29A74 /* Preview Assets.xcassets */ = {isa = PBXFileReference; lastKnownFileType = folder.assetcatalog; path = "Preview Assets.xcassets"; sourceTree = "<group>"; };
/* End PBXFileReference section */

/* Begin PBXFrameworksBuildPhase section */
		3CCA4CFE2754FEB000C29A74 /* Frameworks */ = {
			isa = PBXFrameworksBuildPhase;
			buildActionMask = 2147483647;
			files = (
			);
			runOnlyForDeploymentPostprocessing = 0;
		};
/* End PBXFrameworksBuildPhase section */

/* Begin PBXGroup section */
		3C1714CB2762495300B13878 /* Markdown */ = {
			isa = PBXGroup;
			children = (
				3CCA4D062754FEB100C29A74 /* ContentView.swift */,
				3C1714CE276249B000B13878 /* MarkdownInfoRow.swift */,
				3C1714CC2762496D00B13878 /* MarkdownInfoModel.swift */,
			);
			path = Markdown;
			sourceTree = "<group>";
		};
		3C1714D027624C2500B13878 /* NavigationBackToRoot */ = {
			isa = PBXGroup;
			children = (
				3C1714C52760C6C100B13878 /* TextListRoot.swift */,
				3C1714D127624C8300B13878 /* TextListChild.swift */,
			);
			path = NavigationBackToRoot;
			sourceTree = "<group>";
		};
		3C1714D327624DD400B13878 /* ZipAndEnumTests */ = {
			isa = PBXGroup;
			children = (
				3C1714C72760C71800B13878 /* EnumZipTest.swift */,
				3C1714D427624FA700B13878 /* EnumZipModels.swift */,
				3C1714DC2762577B00B13878 /* CategoryRow.swift */,
			);
			path = ZipAndEnumTests;
			sourceTree = "<group>";
		};
		3C9900192763871300FC68FC /* KahootTest */ = {
			isa = PBXGroup;
			children = (
				3C99001A2763888E00FC68FC /* KahootQuestionTest.swift */,
			);
			path = KahootTest;
			sourceTree = "<group>";
		};
		3CCA4CF82754FEB000C29A74 = {
			isa = PBXGroup;
			children = (
				3CCA4D032754FEB100C29A74 /* AFExtended */,
				3CCA4D022754FEB100C29A74 /* Products */,
			);
			sourceTree = "<group>";
		};
		3CCA4D022754FEB100C29A74 /* Products */ = {
			isa = PBXGroup;
			children = (
				3CCA4D012754FEB100C29A74 /* AFExtended.app */,
			);
			name = Products;
			sourceTree = "<group>";
		};
		3CCA4D032754FEB100C29A74 /* AFExtended */ = {
			isa = PBXGroup;
			children = (
				3CCA4D042754FEB100C29A74 /* AFExtendedApp.swift */,
				3C1714CB2762495300B13878 /* Markdown */,
				3C1714D027624C2500B13878 /* NavigationBackToRoot */,
				3C1714D327624DD400B13878 /* ZipAndEnumTests */,
				3C9900192763871300FC68FC /* KahootTest */,
				3CCA4D082754FEB200C29A74 /* Assets.xcassets */,
				3CCA4D0A2754FEB200C29A74 /* Preview Content */,
			);
			path = AFExtended;
			sourceTree = "<group>";
		};
		3CCA4D0A2754FEB200C29A74 /* Preview Content */ = {
			isa = PBXGroup;
			children = (
				3CCA4D0B2754FEB200C29A74 /* Preview Assets.xcassets */,
			);
			path = "Preview Content";
			sourceTree = "<group>";
		};
/* End PBXGroup section */

/* Begin PBXNativeTarget section */
		3CCA4D002754FEB000C29A74 /* AFExtended */ = {
			isa = PBXNativeTarget;
			buildConfigurationList = 3CCA4D0F2754FEB200C29A74 /* Build configuration list for PBXNativeTarget "AFExtended" */;
			buildPhases = (
				3CCA4CFD2754FEB000C29A74 /* Sources */,
				3CCA4CFE2754FEB000C29A74 /* Frameworks */,
				3CCA4CFF2754FEB000C29A74 /* Resources */,
			);
			buildRules = (
			);
			dependencies = (
			);
			name = AFExtended;
			productName = AFExtended;
			productReference = 3CCA4D012754FEB100C29A74 /* AFExtended.app */;
			productType = "com.apple.product-type.application";
		};
/* End PBXNativeTarget section */

/* Begin PBXProject section */
		3CCA4CF92754FEB000C29A74 /* Project object */ = {
			isa = PBXProject;
			attributes = {
				BuildIndependentTargetsInParallel = 1;
				LastSwiftUpdateCheck = 1310;
				LastUpgradeCheck = 1310;
				TargetAttributes = {
					3CCA4D002754FEB000C29A74 = {
						CreatedOnToolsVersion = 13.1;
					};
				};
			};
			buildConfigurationList = 3CCA4CFC2754FEB000C29A74 /* Build configuration list for PBXProject "AFExtended" */;
			compatibilityVersion = "Xcode 13.0";
			developmentRegion = en;
			hasScannedForEncodings = 0;
			knownRegions = (
				en,
				Base,
			);
			mainGroup = 3CCA4CF82754FEB000C29A74;
			productRefGroup = 3CCA4D022754FEB100C29A74 /* Products */;
			projectDirPath = "";
			projectRoot = "";
			targets = (
				3CCA4D002754FEB000C29A74 /* AFExtended */,
			);
		};
/* End PBXProject section */

/* Begin PBXResourcesBuildPhase section */
		3CCA4CFF2754FEB000C29A74 /* Resources */ = {
			isa = PBXResourcesBuildPhase;
			buildActionMask = 2147483647;
			files = (
				3CCA4D0C2754FEB200C29A74 /* Preview Assets.xcassets in Resources */,
				3CCA4D092754FEB200C29A74 /* Assets.xcassets in Resources */,
			);
			runOnlyForDeploymentPostprocessing = 0;
		};
/* End PBXResourcesBuildPhase section */

/* Begin PBXSourcesBuildPhase section */
		3CCA4CFD2754FEB000C29A74 /* Sources */ = {
			isa = PBXSourcesBuildPhase;
			buildActionMask = 2147483647;
			files = (
				3C1714C82760C71800B13878 /* EnumZipTest.swift in Sources */,
				3C99001B2763888E00FC68FC /* KahootQuestionTest.swift in Sources */,
				3C1714C62760C6C100B13878 /* TextListRoot.swift in Sources */,
				3C1714DD2762577B00B13878 /* CategoryRow.swift in Sources */,
				3C1714D527624FA700B13878 /* EnumZipModels.swift in Sources */,
				3CCA4D072754FEB100C29A74 /* ContentView.swift in Sources */,
				3C1714D227624C8300B13878 /* TextListChild.swift in Sources */,
				3C1714CF276249B000B13878 /* MarkdownInfoRow.swift in Sources */,
				3CCA4D052754FEB100C29A74 /* AFExtendedApp.swift in Sources */,
				3C1714CD2762496D00B13878 /* MarkdownInfoModel.swift in Sources */,
			);
			runOnlyForDeploymentPostprocessing = 0;
		};
/* End PBXSourcesBuildPhase section */

/* Begin XCBuildConfiguration section */
		3CCA4D0D2754FEB200C29A74 /* Debug */ = {
			isa = XCBuildConfiguration;
			buildSettings = {
				ALWAYS_SEARCH_USER_PATHS = NO;
				CLANG_ANALYZER_NONNULL = YES;
				CLANG_ANALYZER_NUMBER_OBJECT_CONVERSION = YES_AGGRESSIVE;
				CLANG_CXX_LANGUAGE_STANDARD = "gnu++17";
				CLANG_CXX_LIBRARY = "libc++";
				CLANG_ENABLE_MODULES = YES;
				CLANG_ENABLE_OBJC_ARC = YES;
				CLANG_ENABLE_OBJC_WEAK = YES;
				CLANG_WARN_BLOCK_CAPTURE_AUTORELEASING = YES;
				CLANG_WARN_BOOL_CONVERSION = YES;
				CLANG_WARN_COMMA = YES;
				CLANG_WARN_CONSTANT_CONVERSION = YES;
				CLANG_WARN_DEPRECATED_OBJC_IMPLEMENTATIONS = YES;
				CLANG_WARN_DIRECT_OBJC_ISA_USAGE = YES_ERROR;
				CLANG_WARN_DOCUMENTATION_COMMENTS = YES;
				CLANG_WARN_EMPTY_BODY = YES;
				CLANG_WARN_ENUM_CONVERSION = YES;
				CLANG_WARN_INFINITE_RECURSION = YES;
				CLANG_WARN_INT_CONVERSION = YES;
				CLANG_WARN_NON_LITERAL_NULL_CONVERSION = YES;
				CLANG_WARN_OBJC_IMPLICIT_RETAIN_SELF = YES;
				CLANG_WARN_OBJC_LITERAL_CONVERSION = YES;
				CLANG_WARN_OBJC_ROOT_CLASS = YES_ERROR;
				CLANG_WARN_QUOTED_INCLUDE_IN_FRAMEWORK_HEADER = YES;
				CLANG_WARN_RANGE_LOOP_ANALYSIS = YES;
				CLANG_WARN_STRICT_PROTOTYPES = YES;
				CLANG_WARN_SUSPICIOUS_MOVE = YES;
				CLANG_WARN_UNGUARDED_AVAILABILITY = YES_AGGRESSIVE;
				CLANG_WARN_UNREACHABLE_CODE = YES;
				CLANG_WARN__DUPLICATE_METHOD_MATCH = YES;
				COPY_PHASE_STRIP = NO;
				DEBUG_INFORMATION_FORMAT = dwarf;
				ENABLE_STRICT_OBJC_MSGSEND = YES;
				ENABLE_TESTABILITY = YES;
				GCC_C_LANGUAGE_STANDARD = gnu11;
				GCC_DYNAMIC_NO_PIC = NO;
				GCC_NO_COMMON_BLOCKS = YES;
				GCC_OPTIMIZATION_LEVEL = 0;
				GCC_PREPROCESSOR_DEFINITIONS = (
					"DEBUG=1",
					"$(inherited)",
				);
				GCC_WARN_64_TO_32_BIT_CONVERSION = YES;
				GCC_WARN_ABOUT_RETURN_TYPE = YES_ERROR;
				GCC_WARN_UNDECLARED_SELECTOR = YES;
				GCC_WARN_UNINITIALIZED_AUTOS = YES_AGGRESSIVE;
				GCC_WARN_UNUSED_FUNCTION = YES;
				GCC_WARN_UNUSED_VARIABLE = YES;
				IPHONEOS_DEPLOYMENT_TARGET = 15.0;
				MTL_ENABLE_DEBUG_INFO = INCLUDE_SOURCE;
				MTL_FAST_MATH = YES;
				ONLY_ACTIVE_ARCH = YES;
				SDKROOT = iphoneos;
				SWIFT_ACTIVE_COMPILATION_CONDITIONS = DEBUG;
				SWIFT_OPTIMIZATION_LEVEL = "-Onone";
			};
			name = Debug;
		};
		3CCA4D0E2754FEB200C29A74 /* Release */ = {
			isa = XCBuildConfiguration;
			buildSettings = {
				ALWAYS_SEARCH_USER_PATHS = NO;
				CLANG_ANALYZER_NONNULL = YES;
				CLANG_ANALYZER_NUMBER_OBJECT_CONVERSION = YES_AGGRESSIVE;
				CLANG_CXX_LANGUAGE_STANDARD = "gnu++17";
				CLANG_CXX_LIBRARY = "libc++";
				CLANG_ENABLE_MODULES = YES;
				CLANG_ENABLE_OBJC_ARC = YES;
				CLANG_ENABLE_OBJC_WEAK = YES;
				CLANG_WARN_BLOCK_CAPTURE_AUTORELEASING = YES;
				CLANG_WARN_BOOL_CONVERSION = YES;
				CLANG_WARN_COMMA = YES;
				CLANG_WARN_CONSTANT_CONVERSION = YES;
				CLANG_WARN_DEPRECATED_OBJC_IMPLEMENTATIONS = YES;
				CLANG_WARN_DIRECT_OBJC_ISA_USAGE = YES_ERROR;
				CLANG_WARN_DOCUMENTATION_COMMENTS = YES;
				CLANG_WARN_EMPTY_BODY = YES;
				CLANG_WARN_ENUM_CONVERSION = YES;
				CLANG_WARN_INFINITE_RECURSION = YES;
				CLANG_WARN_INT_CONVERSION = YES;
				CLANG_WARN_NON_LITERAL_NULL_CONVERSION = YES;
				CLANG_WARN_OBJC_IMPLICIT_RETAIN_SELF = YES;
				CLANG_WARN_OBJC_LITERAL_CONVERSION = YES;
				CLANG_WARN_OBJC_ROOT_CLASS = YES_ERROR;
				CLANG_WARN_QUOTED_INCLUDE_IN_FRAMEWORK_HEADER = YES;
				CLANG_WARN_RANGE_LOOP_ANALYSIS = YES;
				CLANG_WARN_STRICT_PROTOTYPES = YES;
				CLANG_WARN_SUSPICIOUS_MOVE = YES;
				CLANG_WARN_UNGUARDED_AVAILABILITY = YES_AGGRESSIVE;
				CLANG_WARN_UNREACHABLE_CODE = YES;
				CLANG_WARN__DUPLICATE_METHOD_MATCH = YES;
				COPY_PHASE_STRIP = NO;
				DEBUG_INFORMATION_FORMAT = "dwarf-with-dsym";
				ENABLE_NS_ASSERTIONS = NO;
				ENABLE_STRICT_OBJC_MSGSEND = YES;
				GCC_C_LANGUAGE_STANDARD = gnu11;
				GCC_NO_COMMON_BLOCKS = YES;
				GCC_WARN_64_TO_32_BIT_CONVERSION = YES;
				GCC_WARN_ABOUT_RETURN_TYPE = YES_ERROR;
				GCC_WARN_UNDECLARED_SELECTOR = YES;
				GCC_WARN_UNINITIALIZED_AUTOS = YES_AGGRESSIVE;
				GCC_WARN_UNUSED_FUNCTION = YES;
				GCC_WARN_UNUSED_VARIABLE = YES;
				IPHONEOS_DEPLOYMENT_TARGET = 15.0;
				MTL_ENABLE_DEBUG_INFO = NO;
				MTL_FAST_MATH = YES;
				SDKROOT = iphoneos;
				SWIFT_COMPILATION_MODE = wholemodule;
				SWIFT_OPTIMIZATION_LEVEL = "-O";
				VALIDATE_PRODUCT = YES;
			};
			name = Release;
		};
		3CCA4D102754FEB200C29A74 /* Debug */ = {
			isa = XCBuildConfiguration;
			buildSettings = {
				ASSETCATALOG_COMPILER_APPICON_NAME = AppIcon;
				ASSETCATALOG_COMPILER_GLOBAL_ACCENT_COLOR_NAME = AccentColor;
				CODE_SIGN_STYLE = Automatic;
				CURRENT_PROJECT_VERSION = 1;
				DEVELOPMENT_ASSET_PATHS = "\"AFExtended/Preview Content\"";
				DEVELOPMENT_TEAM = KVV9996J8A;
				ENABLE_PREVIEWS = YES;
				GENERATE_INFOPLIST_FILE = YES;
				INFOPLIST_KEY_UIApplicationSceneManifest_Generation = YES;
				INFOPLIST_KEY_UIApplicationSupportsIndirectInputEvents = YES;
				INFOPLIST_KEY_UILaunchScreen_Generation = YES;
				INFOPLIST_KEY_UISupportedInterfaceOrientations_iPad = "UIInterfaceOrientationPortrait UIInterfaceOrientationPortraitUpsideDown UIInterfaceOrientationLandscapeLeft UIInterfaceOrientationLandscapeRight";
				INFOPLIST_KEY_UISupportedInterfaceOrientations_iPhone = "UIInterfaceOrientationPortrait UIInterfaceOrientationLandscapeLeft UIInterfaceOrientationLandscapeRight";
				LD_RUNPATH_SEARCH_PATHS = (
					"$(inherited)",
					"@executable_path/Frameworks",
				);
				MARKETING_VERSION = 1.0;
				PRODUCT_BUNDLE_IDENTIFIER = com.ears.Zo.AFExtended;
				PRODUCT_NAME = "$(TARGET_NAME)";
				SWIFT_EMIT_LOC_STRINGS = YES;
				SWIFT_VERSION = 5.0;
				TARGETED_DEVICE_FAMILY = "1,2";
			};
			name = Debug;
		};
		3CCA4D112754FEB200C29A74 /* Release */ = {
			isa = XCBuildConfiguration;
			buildSettings = {
				ASSETCATALOG_COMPILER_APPICON_NAME = AppIcon;
				ASSETCATALOG_COMPILER_GLOBAL_ACCENT_COLOR_NAME = AccentColor;
				CODE_SIGN_STYLE = Automatic;
				CURRENT_PROJECT_VERSION = 1;
				DEVELOPMENT_ASSET_PATHS = "\"AFExtended/Preview Content\"";
				DEVELOPMENT_TEAM = KVV9996J8A;
				ENABLE_PREVIEWS = YES;
				GENERATE_INFOPLIST_FILE = YES;
				INFOPLIST_KEY_UIApplicationSceneManifest_Generation = YES;
				INFOPLIST_KEY_UIApplicationSupportsIndirectInputEvents = YES;
				INFOPLIST_KEY_UILaunchScreen_Generation = YES;
				INFOPLIST_KEY_UISupportedInterfaceOrientations_iPad = "UIInterfaceOrientationPortrait UIInterfaceOrientationPortraitUpsideDown UIInterfaceOrientationLandscapeLeft UIInterfaceOrientationLandscapeRight";
				INFOPLIST_KEY_UISupportedInterfaceOrientations_iPhone = "UIInterfaceOrientationPortrait UIInterfaceOrientationLandscapeLeft UIInterfaceOrientationLandscapeRight";
				LD_RUNPATH_SEARCH_PATHS = (
					"$(inherited)",
					"@executable_path/Frameworks",
				);
				MARKETING_VERSION = 1.0;
				PRODUCT_BUNDLE_IDENTIFIER = com.ears.Zo.AFExtended;
				PRODUCT_NAME = "$(TARGET_NAME)";
				SWIFT_EMIT_LOC_STRINGS = YES;
				SWIFT_VERSION = 5.0;
				TARGETED_DEVICE_FAMILY = "1,2";
			};
			name = Release;
		};
/* End XCBuildConfiguration section */

/* Begin XCConfigurationList section */
		3CCA4CFC2754FEB000C29A74 /* Build configuration list for PBXProject "AFExtended" */ = {
			isa = XCConfigurationList;
			buildConfigurations = (
				3CCA4D0D2754FEB200C29A74 /* Debug */,
				3CCA4D0E2754FEB200C29A74 /* Release */,
			);
			defaultConfigurationIsVisible = 0;
			defaultConfigurationName = Release;
		};
		3CCA4D0F2754FEB200C29A74 /* Build configuration list for PBXNativeTarget "AFExtended" */ = {
			isa = XCConfigurationList;
			buildConfigurations = (
				3CCA4D102754FEB200C29A74 /* Debug */,
				3CCA4D112754FEB200C29A74 /* Release */,
			);
			defaultConfigurationIsVisible = 0;
			defaultConfigurationName = Release;
		};
/* End XCConfigurationList section */
	};
	rootObject = 3CCA4CF92754FEB000C29A74 /* Project object */;
}
